
Microsoft Visual Studio Solution File, Format Version 12.00
# Visual Studio Version 17
VisualStudioVersion = 17.8.34511.84
MinimumVisualStudioVersion = 10.0.40219.1
Project("{FAE04EC0-301F-11D3-BF4B-00C04F79EFBC}") = "DartSklad", "DartSklad.csproj", "{6BD9E26E-B260-4DF6-BA50-03364BCE9189}"
EndProject
Global
	GlobalSection(SolutionConfigurationPlatforms) = preSolution
		Debug|Any CPU = Debug|Any CPU
		Release|Any CPU = Release|Any CPU
	EndGlobalSection
	GlobalSection(ProjectConfigurationPlatforms) = postSolution
		{6BD9E26E-B260-4DF6-BA50-03364BCE9189}.Debug|Any CPU.ActiveCfg = Debug|Any CPU
		{6BD9E26E-B260-4DF6-BA50-03364BCE9189}.Debug|Any CPU.Build.0 = Debug|Any CPU
		{6BD9E26E-B260-4DF6-BA50-03364BCE9189}.Release|Any CPU.ActiveCfg = Release|Any CPU
		{6BD9E26E-B260-4DF6-BA50-03364BCE9189}.Release|Any CPU.Build.0 = Release|Any CPU
	EndGlobalSection
	GlobalSection(SolutionProperties) = preSolution
		HideSolutionNode = FALSE
	EndGlobalSection
	GlobalSection(ExtensibilityGlobals) = postSolution
		SolutionGuid = {FE6A3334-B43D-4414-901D-3026E4196A20}
	EndGlobalSection
EndGlobal
